
Microsoft Visual Studio Solution File, Format Version 12.00
# Visual Studio Version 17
VisualStudioVersion = 17.6.33723.286
MinimumVisualStudioVersion = 10.0.40219.1
Project("{FAE04EC0-301F-11D3-BF4B-00C04F79EFBC}") = "DesignPatterns", "DesignPatterns\DesignPatterns.csproj", "{F8BAC8AE-4E6B-40A6-9D83-D8E1CDC7BC92}"
EndProject
Global
	GlobalSection(SolutionConfigurationPlatforms) = preSolution
		Debug|Any CPU = Debug|Any CPU
		Release|Any CPU = Release|Any CPU
	EndGlobalSection
	GlobalSection(ProjectConfigurationPlatforms) = postSolution
		{F8BAC8AE-4E6B-40A6-9D83-D8E1CDC7BC92}.Debug|Any CPU.ActiveCfg = Debug|Any CPU
		{F8BAC8AE-4E6B-40A6-9D83-D8E1CDC7BC92}.Debug|Any CPU.Build.0 = Debug|Any CPU
		{F8BAC8AE-4E6B-40A6-9D83-D8E1CDC7BC92}.Release|Any CPU.ActiveCfg = Release|Any CPU
		{F8BAC8AE-4E6B-40A6-9D83-D8E1CDC7BC92}.Release|Any CPU.Build.0 = Release|Any CPU
	EndGlobalSection
	GlobalSection(SolutionProperties) = preSolution
		HideSolutionNode = FALSE
	EndGlobalSection
	GlobalSection(ExtensibilityGlobals) = postSolution
		SolutionGuid = {E6842583-FF7C-4D06-9915-8B7BB5BA27FC}
	EndGlobalSection
EndGlobal
